{
  "version": 4,
  "terraform_version": "1.5.7",
  "serial": 9,
  "lineage": "e0ceabbe-f5fb-8d82-2d73-9aea33ca92fe",
  "outputs": {
    "aws_account_id": {
      "value": "365803995554",
      "type": "string"
    },
    "aws_region": {
      "value": "us-east-1",
      "type": "string"
    },
    "github_actions_role_arn": {
      "value": "arn:aws:iam::365803995554:role/iac-for-coterie-gha-role",
      "type": "string"
    },
    "oidc_provider_arn": {
      "value": "arn:aws:iam::365803995554:oidc-provider/token.actions.githubusercontent.com",
      "type": "string"
    }
  },
  "resources": [
    {
      "mode": "data",
      "type": "aws_iam_policy_document",
      "name": "github_actions_trust",
      "provider": "provider[\"registry.terraform.io/hashicorp/aws\"]",
      "instances": [
        {
          "schema_version": 0,
          "attributes": {
            "id": "2940729855",
            "json": "{\n  \"Version\": \"2012-10-17\",\n  \"Statement\": [\n    {\n      \"Effect\": \"Allow\",\n      \"Action\": \"sts:AssumeRoleWithWebIdentity\",\n      \"Principal\": {\n        \"Federated\": \"arn:aws:iam::365803995554:oidc-provider/token.actions.githubusercontent.com\"\n      },\n      \"Condition\": {\n        \"StringEquals\": {\n          \"token.actions.githubusercontent.com:aud\": \"sts.amazonaws.com\"\n        },\n        \"StringLike\": {\n          \"token.actions.githubusercontent.com:sub\": \"repo:udaysingh007/iac-for-coterie:*\"\n        }\n      }\n    }\n  ]\n}",
            "minified_json": "{\"Version\":\"2012-10-17\",\"Statement\":[{\"Effect\":\"Allow\",\"Action\":\"sts:AssumeRoleWithWebIdentity\",\"Principal\":{\"Federated\":\"arn:aws:iam::365803995554:oidc-provider/token.actions.githubusercontent.com\"},\"Condition\":{\"StringEquals\":{\"token.actions.githubusercontent.com:aud\":\"sts.amazonaws.com\"},\"StringLike\":{\"token.actions.githubusercontent.com:sub\":\"repo:udaysingh007/iac-for-coterie:*\"}}}]}",
            "override_json": null,
            "override_policy_documents": null,
            "policy_id": null,
            "source_json": null,
            "source_policy_documents": null,
            "statement": [
              {
                "actions": [
                  "sts:AssumeRoleWithWebIdentity"
                ],
                "condition": [
                  {
                    "test": "StringEquals",
                    "values": [
                      "sts.amazonaws.com"
                    ],
                    "variable": "token.actions.githubusercontent.com:aud"
                  },
                  {
                    "test": "StringLike",
                    "values": [
                      "repo:udaysingh007/iac-for-coterie:*"
                    ],
                    "variable": "token.actions.githubusercontent.com:sub"
                  }
                ],
                "effect": "Allow",
                "not_actions": [],
                "not_principals": [],
                "not_resources": [],
                "principals": [
                  {
                    "identifiers": [
                      "arn:aws:iam::365803995554:oidc-provider/token.actions.githubusercontent.com"
                    ],
                    "type": "Federated"
                  }
                ],
                "resources": [],
                "sid": ""
              }
            ],
            "version": "2012-10-17"
          },
          "sensitive_attributes": []
        }
      ]
    },
    {
      "mode": "managed",
      "type": "aws_iam_openid_connect_provider",
      "name": "github_actions",
      "provider": "provider[\"registry.terraform.io/hashicorp/aws\"]",
      "instances": [
        {
          "schema_version": 0,
          "attributes": {
            "arn": "arn:aws:iam::365803995554:oidc-provider/token.actions.githubusercontent.com",
            "client_id_list": [
              "sts.amazonaws.com"
            ],
            "id": "arn:aws:iam::365803995554:oidc-provider/token.actions.githubusercontent.com",
            "tags": null,
            "tags_all": {},
            "thumbprint_list": [
              "6938fd4d98bab03faadb97b34396831e3780aea1",
              "1c58a3a8518e8759bf075b76b750d4f2df264fcd"
            ],
            "url": "token.actions.githubusercontent.com"
          },
          "sensitive_attributes": [],
          "private": "bnVsbA=="
        }
      ]
    },
    {
      "mode": "managed",
      "type": "aws_iam_role",
      "name": "github_actions",
      "provider": "provider[\"registry.terraform.io/hashicorp/aws\"]",
      "instances": [
        {
          "schema_version": 0,
          "attributes": {
            "arn": "arn:aws:iam::365803995554:role/iac-for-coterie-gha-role",
            "assume_role_policy": "{\"Statement\":[{\"Action\":\"sts:AssumeRoleWithWebIdentity\",\"Condition\":{\"StringEquals\":{\"token.actions.githubusercontent.com:aud\":\"sts.amazonaws.com\"},\"StringLike\":{\"token.actions.githubusercontent.com:sub\":\"repo:udaysingh007/iac-for-coterie:*\"}},\"Effect\":\"Allow\",\"Principal\":{\"Federated\":\"arn:aws:iam::365803995554:oidc-provider/token.actions.githubusercontent.com\"}}],\"Version\":\"2012-10-17\"}",
            "create_date": "2026-09-02T02:15:18Z",
            "description": "Role assumed by GitHub Actions OIDC for udaysingh007/iac-for-coterie",
            "force_detach_policies": false,
            "id": "iac-for-coterie-gha-role",
            "inline_policy": [],
            "managed_policy_arns": [],
            "max_session_duration": 3600,
            "name": "iac-for-coterie-gha-role",
            "name_prefix": "",
            "path": "/",
            "permissions_boundary": "",
            "tags": null,
            "tags_all": {},
            "unique_id": "AROAVKK46AGRAXQI3UO7Z"
          },
          "sensitive_attributes": [],
          "private": "bnVsbA==",
          "dependencies": [
            "aws_iam_openid_connect_provider.github_actions",
            "data.aws_iam_policy_document.github_actions_trust"
          ]
        }
      ]
    },
    {
      "mode": "managed",
      "type": "aws_iam_role_policy_attachment",
      "name": "ec2_full",
      "provider": "provider[\"registry.terraform.io/hashicorp/aws\"]",
      "instances": [
        {
          "schema_version": 0,
          "attributes": {
            "id": "iac-for-coterie-gha-role-20260902021518635500000001",
            "policy_arn": "arn:aws:iam::aws:policy/AmazonEC2FullAccess",
            "role": "iac-for-coterie-gha-role"
          },
          "sensitive_attributes": [],
          "private": "bnVsbA==",
          "dependencies": [
            "aws_iam_openid_connect_provider.github_actions",
            "aws_iam_role.github_actions",
            "data.aws_iam_policy_document.github_actions_trust"
          ]
        }
      ]
    },
    {
      "mode": "managed",
      "type": "aws_iam_role_policy_attachment",
      "name": "vpc_full",
      "provider": "provider[\"registry.terraform.io/hashicorp/aws\"]",
      "instances": [
        {
          "schema_version": 0,
          "attributes": {
            "id": "iac-for-coterie-gha-role-20260902021518767000000002",
            "policy_arn": "arn:aws:iam::aws:policy/AmazonVPCFullAccess",
            "role": "iac-for-coterie-gha-role"
          },
          "sensitive_attributes": [],
          "private": "bnVsbA==",
          "dependencies": [
            "aws_iam_openid_connect_provider.github_actions",
            "aws_iam_role.github_actions",
            "data.aws_iam_policy_document.github_actions_trust"
          ]
        }
      ]
    },
    {
      "mode": "managed",
      "type": "github_actions_variable",
      "name": "aws_account_id",
      "provider": "provider[\"registry.terraform.io/integrations/github\"]",
      "instances": [
        {
          "schema_version": 1,
          "attributes": {
            "created_at": "2026-09-02 02:15:18 +0000 UTC",
            "id": "iac-for-coterie:AWS_ACCOUNT_ID",
            "repository": "iac-for-coterie",
            "repository_id": 1354116395,
            "updated_at": "2026-09-02 02:15:18 +0000 UTC",
            "value": "365803995554",
            "variable_name": "AWS_ACCOUNT_ID"
          },
          "sensitive_attributes": [],
          "private": "eyJzY2hlbWFfdmVyc2lvbiI6IjEifQ=="
        }
      ]
    },
    {
      "mode": "managed",
      "type": "github_actions_variable",
      "name": "aws_region",
      "provider": "provider[\"registry.terraform.io/integrations/github\"]",
      "instances": [
        {
          "schema_version": 1,
          "attributes": {
            "created_at": "2026-09-02 02:15:19 +0000 UTC",
            "id": "iac-for-coterie:AWS_REGION",
            "repository": "iac-for-coterie",
            "repository_id": 1354116395,
            "updated_at": "2026-09-02 02:15:19 +0000 UTC",
            "value": "us-east-1",
            "variable_name": "AWS_REGION"
          },
          "sensitive_attributes": [],
          "private": "eyJzY2hlbWFfdmVyc2lvbiI6IjEifQ=="
        }
      ]
    },
    {
      "mode": "managed",
      "type": "github_actions_variable",
      "name": "aws_role_arn",
      "provider": "provider[\"registry.terraform.io/integrations/github\"]",
      "instances": [
        {
          "schema_version": 1,
          "attributes": {
            "created_at": "2026-09-02 02:15:21 +0000 UTC",
            "id": "iac-for-coterie:AWS_ROLE_ARN",
            "repository": "iac-for-coterie",
            "repository_id": 1354116395,
            "updated_at": "2026-09-02 02:15:21 +0000 UTC",
            "value": "arn:aws:iam::365803995554:role/iac-for-coterie-gha-role",
            "variable_name": "AWS_ROLE_ARN"
          },
          "sensitive_attributes": [],
          "private": "eyJzY2hlbWFfdmVyc2lvbiI6IjEifQ==",
          "dependencies": [
            "aws_iam_openid_connect_provider.github_actions",
            "aws_iam_role.github_actions",
            "data.aws_iam_policy_document.github_actions_trust"
          ]
        }
      ]
    }
  ],
  "check_results": null
}
