{
  "version": 4,
  "terraform_version": "1.5.7",
  "serial": 11,
  "lineage": "12401fe1-4b23-ef19-2f59-f7d94b8fc85c",
  "outputs": {
    "azure_client_id": {
      "value": "a40f661e-17b0-4c47-8490-4a3a26dec564",
      "type": "string"
    },
    "azure_subscription_id": {
      "value": "010861c7-fcee-496f-b732-b852d41ab668",
      "type": "string"
    },
    "azure_tenant_id": {
      "value": "73a77596-c66f-4916-bc4f-9797cf679065",
      "type": "string"
    },
    "service_principal_object_id": {
      "value": "6659bdbe-bccd-4494-bfc6-81f2904f66ad",
      "type": "string"
    }
  },
  "resources": [
    {
      "mode": "managed",
      "type": "azuread_application",
      "name": "gha_oidc",
      "provider": "provider[\"registry.terraform.io/hashicorp/azuread\"]",
      "instances": [
        {
          "schema_version": 2,
          "attributes": {
            "api": [
              {
                "known_client_applications": [],
                "mapped_claims_enabled": false,
                "oauth2_permission_scope": [],
                "requested_access_token_version": 1
              }
            ],
            "app_role": [],
            "app_role_ids": {},
            "application_id": "a40f661e-17b0-4c47-8490-4a3a26dec564",
            "client_id": "a40f661e-17b0-4c47-8490-4a3a26dec564",
            "description": "",
            "device_only_auth_enabled": false,
            "disabled_by_microsoft": "\u003cnil\u003e",
            "display_name": "iac-for-coterie-gha-oidc",
            "fallback_public_client_enabled": false,
            "feature_tags": [
              {
                "custom_single_sign_on": false,
                "enterprise": false,
                "gallery": false,
                "hide": false
              }
            ],
            "group_membership_claims": [],
            "id": "/applications/7ee33c90-25c4-4efa-ab0e-5e3f62b62d30",
            "identifier_uris": [],
            "logo_image": "",
            "logo_url": "",
            "marketing_url": "",
            "notes": "",
            "oauth2_permission_scope_ids": {},
            "oauth2_post_response_required": false,
            "object_id": "7ee33c90-25c4-4efa-ab0e-5e3f62b62d30",
            "optional_claims": [],
            "owners": [],
            "password": [],
            "prevent_duplicate_names": false,
            "privacy_statement_url": "",
            "public_client": [
              {
                "redirect_uris": []
              }
            ],
            "publisher_domain": "udaykumarsinghoutlook.onmicrosoft.com",
            "required_resource_access": [],
            "service_management_reference": "",
            "sign_in_audience": "AzureADMyOrg",
            "single_page_application": [
              {
                "redirect_uris": []
              }
            ],
            "support_url": "",
            "tags": [],
            "template_id": "",
            "terms_of_service_url": "",
            "timeouts": null,
            "web": [
              {
                "homepage_url": "",
                "implicit_grant": [
                  {
                    "access_token_issuance_enabled": false,
                    "id_token_issuance_enabled": false
                  }
                ],
                "logout_url": "",
                "redirect_uris": []
              }
            ]
          },
          "sensitive_attributes": [],
          "private": "eyJlMmJmYjczMC1lY2FhLTExZTYtOGY4OC0zNDM2M2JjN2M0YzAiOnsiY3JlYXRlIjo2MDAwMDAwMDAwMDAsImRlbGV0ZSI6MzAwMDAwMDAwMDAwLCJyZWFkIjozMDAwMDAwMDAwMDAsInVwZGF0ZSI6NjAwMDAwMDAwMDAwfSwic2NoZW1hX3ZlcnNpb24iOiIyIn0="
        }
      ]
    },
    {
      "mode": "managed",
      "type": "azuread_application_federated_identity_credential",
      "name": "main_branch",
      "provider": "provider[\"registry.terraform.io/hashicorp/azuread\"]",
      "instances": [
        {
          "schema_version": 0,
          "attributes": {
            "application_id": "/applications/7ee33c90-25c4-4efa-ab0e-5e3f62b62d30",
            "application_object_id": "7ee33c90-25c4-4efa-ab0e-5e3f62b62d30",
            "audiences": [
              "api://AzureADTokenExchange"
            ],
            "credential_id": "cebd9b92-e165-463c-be51-f5ab0dbb1342",
            "description": "GitHub Actions OIDC — main branch",
            "display_name": "iac-for-coterie-main",
            "id": "7ee33c90-25c4-4efa-ab0e-5e3f62b62d30/federatedIdentityCredential/cebd9b92-e165-463c-be51-f5ab0dbb1342",
            "issuer": "https://token.actions.githubusercontent.com",
            "subject": "repo:udaysingh007/iac-for-coterie:ref:refs/heads/main",
            "timeouts": null
          },
          "sensitive_attributes": [],
          "private": "eyJlMmJmYjczMC1lY2FhLTExZTYtOGY4OC0zNDM2M2JjN2M0YzAiOnsiY3JlYXRlIjo5MDAwMDAwMDAwMDAsImRlbGV0ZSI6MzAwMDAwMDAwMDAwLCJyZWFkIjozMDAwMDAwMDAwMDAsInVwZGF0ZSI6MzAwMDAwMDAwMDAwfX0=",
          "dependencies": [
            "azuread_application.gha_oidc"
          ]
        }
      ]
    },
    {
      "mode": "managed",
      "type": "azuread_application_federated_identity_credential",
      "name": "pr",
      "provider": "provider[\"registry.terraform.io/hashicorp/azuread\"]",
      "instances": [
        {
          "schema_version": 0,
          "attributes": {
            "application_id": "/applications/7ee33c90-25c4-4efa-ab0e-5e3f62b62d30",
            "application_object_id": "7ee33c90-25c4-4efa-ab0e-5e3f62b62d30",
            "audiences": [
              "api://AzureADTokenExchange"
            ],
            "credential_id": "6eb0df92-8fc3-4ac1-8a8c-b1a714b8d922",
            "description": "GitHub Actions OIDC — pull requests",
            "display_name": "iac-for-coterie-pr",
            "id": "7ee33c90-25c4-4efa-ab0e-5e3f62b62d30/federatedIdentityCredential/6eb0df92-8fc3-4ac1-8a8c-b1a714b8d922",
            "issuer": "https://token.actions.githubusercontent.com",
            "subject": "repo:udaysingh007/iac-for-coterie:pull_request",
            "timeouts": null
          },
          "sensitive_attributes": [],
          "private": "eyJlMmJmYjczMC1lY2FhLTExZTYtOGY4OC0zNDM2M2JjN2M0YzAiOnsiY3JlYXRlIjo5MDAwMDAwMDAwMDAsImRlbGV0ZSI6MzAwMDAwMDAwMDAwLCJyZWFkIjozMDAwMDAwMDAwMDAsInVwZGF0ZSI6MzAwMDAwMDAwMDAwfX0=",
          "dependencies": [
            "azuread_application.gha_oidc"
          ]
        }
      ]
    },
    {
      "mode": "managed",
      "type": "azuread_service_principal",
      "name": "gha_oidc",
      "provider": "provider[\"registry.terraform.io/hashicorp/azuread\"]",
      "instances": [
        {
          "schema_version": 0,
          "attributes": {
            "account_enabled": true,
            "alternative_names": [],
            "app_role_assignment_required": false,
            "app_role_ids": {},
            "app_roles": [],
            "application_id": "a40f661e-17b0-4c47-8490-4a3a26dec564",
            "application_tenant_id": "73a77596-c66f-4916-bc4f-9797cf679065",
            "client_id": "a40f661e-17b0-4c47-8490-4a3a26dec564",
            "description": "",
            "display_name": "iac-for-coterie-gha-oidc",
            "feature_tags": [
              {
                "custom_single_sign_on": false,
                "enterprise": false,
                "gallery": false,
                "hide": false
              }
            ],
            "features": [
              {
                "custom_single_sign_on_app": false,
                "enterprise_application": false,
                "gallery_application": false,
                "visible_to_users": true
              }
            ],
            "homepage_url": "",
            "id": "6659bdbe-bccd-4494-bfc6-81f2904f66ad",
            "login_url": "",
            "logout_url": "",
            "notes": "",
            "notification_email_addresses": [],
            "oauth2_permission_scope_ids": {},
            "oauth2_permission_scopes": [],
            "object_id": "6659bdbe-bccd-4494-bfc6-81f2904f66ad",
            "owners": [],
            "preferred_single_sign_on_mode": "",
            "redirect_uris": [],
            "saml_metadata_url": "",
            "saml_single_sign_on": [],
            "service_principal_names": [],
            "sign_in_audience": "AzureADMyOrg",
            "tags": [],
            "timeouts": null,
            "type": "Application",
            "use_existing": null
          },
          "sensitive_attributes": [],
          "private": "eyJlMmJmYjczMC1lY2FhLTExZTYtOGY4OC0zNDM2M2JjN2M0YzAiOnsiY3JlYXRlIjo2MDAwMDAwMDAwMDAsImRlbGV0ZSI6MzAwMDAwMDAwMDAwLCJyZWFkIjozMDAwMDAwMDAwMDAsInVwZGF0ZSI6NjAwMDAwMDAwMDAwfSwic2NoZW1hX3ZlcnNpb24iOiIwIn0=",
          "dependencies": [
            "azuread_application.gha_oidc"
          ]
        }
      ]
    },
    {
      "mode": "managed",
      "type": "azurerm_role_assignment",
      "name": "gha_contributor",
      "provider": "provider[\"registry.terraform.io/hashicorp/azurerm\"]",
      "instances": [
        {
          "schema_version": 0,
          "attributes": {
            "condition": "",
            "condition_version": "",
            "delegated_managed_identity_resource_id": "",
            "description": "",
            "id": "/subscriptions/010861c7-fcee-496f-b732-b852d41ab668/providers/Microsoft.Authorization/roleAssignments/06151be3-8e95-4d7e-9e5d-ea17b2431f97",
            "name": "06151be3-8e95-4d7e-9e5d-ea17b2431f97",
            "principal_id": "6659bdbe-bccd-4494-bfc6-81f2904f66ad",
            "principal_type": "ServicePrincipal",
            "role_definition_id": "/subscriptions/010861c7-fcee-496f-b732-b852d41ab668/providers/Microsoft.Authorization/roleDefinitions/b24988ac-6180-42a0-ab88-20f7382dd24c",
            "role_definition_name": "Contributor",
            "scope": "/subscriptions/010861c7-fcee-496f-b732-b852d41ab668",
            "skip_service_principal_aad_check": null,
            "timeouts": null
          },
          "sensitive_attributes": [],
          "private": "eyJlMmJmYjczMC1lY2FhLTExZTYtOGY4OC0zNDM2M2JjN2M0YzAiOnsiY3JlYXRlIjoxODAwMDAwMDAwMDAwLCJkZWxldGUiOjE4MDAwMDAwMDAwMDAsInJlYWQiOjMwMDAwMDAwMDAwMH0sInNjaGVtYV92ZXJzaW9uIjoiMCJ9",
          "dependencies": [
            "azuread_application.gha_oidc",
            "azuread_service_principal.gha_oidc"
          ]
        }
      ]
    },
    {
      "mode": "managed",
      "type": "github_actions_variable",
      "name": "azure_client_id",
      "provider": "provider[\"registry.terraform.io/integrations/github\"]",
      "instances": [
        {
          "schema_version": 1,
          "attributes": {
            "created_at": "2026-09-02 00:23:09 +0000 UTC",
            "id": "iac-for-coterie:AZURE_CLIENT_ID",
            "repository": "iac-for-coterie",
            "repository_id": 1354116395,
            "updated_at": "2026-09-02 00:23:09 +0000 UTC",
            "value": "a40f661e-17b0-4c47-8490-4a3a26dec564",
            "variable_name": "AZURE_CLIENT_ID"
          },
          "sensitive_attributes": [],
          "private": "eyJzY2hlbWFfdmVyc2lvbiI6IjEifQ==",
          "dependencies": [
            "azuread_application.gha_oidc"
          ]
        }
      ]
    },
    {
      "mode": "managed",
      "type": "github_actions_variable",
      "name": "azure_subscription_id",
      "provider": "provider[\"registry.terraform.io/integrations/github\"]",
      "instances": [
        {
          "schema_version": 1,
          "attributes": {
            "created_at": "2026-09-02 00:23:10 +0000 UTC",
            "id": "iac-for-coterie:AZURE_SUBSCRIPTION_ID",
            "repository": "iac-for-coterie",
            "repository_id": 1354116395,
            "updated_at": "2026-09-02 00:23:10 +0000 UTC",
            "value": "010861c7-fcee-496f-b732-b852d41ab668",
            "variable_name": "AZURE_SUBSCRIPTION_ID"
          },
          "sensitive_attributes": [],
          "private": "eyJzY2hlbWFfdmVyc2lvbiI6IjEifQ=="
        }
      ]
    },
    {
      "mode": "managed",
      "type": "github_actions_variable",
      "name": "azure_tenant_id",
      "provider": "provider[\"registry.terraform.io/integrations/github\"]",
      "instances": [
        {
          "schema_version": 1,
          "attributes": {
            "created_at": "2026-09-02 00:23:09 +0000 UTC",
            "id": "iac-for-coterie:AZURE_TENANT_ID",
            "repository": "iac-for-coterie",
            "repository_id": 1354116395,
            "updated_at": "2026-09-02 00:23:09 +0000 UTC",
            "value": "73a77596-c66f-4916-bc4f-9797cf679065",
            "variable_name": "AZURE_TENANT_ID"
          },
          "sensitive_attributes": [],
          "private": "eyJzY2hlbWFfdmVyc2lvbiI6IjEifQ=="
        }
      ]
    }
  ],
  "check_results": null
}
