{
  "version": 4,
  "terraform_version": "1.5.7",
  "serial": 69,
  "lineage": "ca4794f1-8d55-f0ee-b68f-88126020724b",
  "outputs": {
    "ami_used": {
      "value": "ami-040dc3b259ece28c6",
      "type": "string"
    },
    "grafana_url": {
      "value": "http://13.216.126.57:3000",
      "type": "string"
    },
    "instance_id": {
      "value": "i-0caa548e7436ce0ff",
      "type": "string"
    },
    "k3s_kubeconfig_command": {
      "value": "scp -i ~/.ssh/coterie_vm_key ubuntu@13.216.126.57:/home/ubuntu/.kube/config ~/.kube/coterie-config",
      "type": "string"
    },
    "public_dns": {
      "value": "ec2-13-216-126-57.compute-1.amazonaws.com",
      "type": "string"
    },
    "public_ip": {
      "value": "13.216.126.57",
      "type": "string"
    },
    "ssh_command": {
      "value": "ssh -i ~/.ssh/coterie_vm_key ubuntu@13.216.126.57",
      "type": "string"
    }
  },
  "resources": [
    {
      "mode": "data",
      "type": "aws_ami",
      "name": "ubuntu",
      "provider": "provider[\"registry.terraform.io/hashicorp/aws\"]",
      "instances": [
        {
          "schema_version": 0,
          "attributes": {
            "architecture": "x86_64",
            "arn": "arn:aws:ec2:us-east-1::image/ami-040dc3b259ece28c6",
            "block_device_mappings": [
              {
                "device_name": "/dev/sda1",
                "ebs": {
                  "delete_on_termination": "true",
                  "encrypted": "false",
                  "iops": "0",
                  "snapshot_id": "snap-0cca891854a3d1d9c",
                  "throughput": "0",
                  "volume_initialization_rate": "0",
                  "volume_size": "8",
                  "volume_type": "gp2"
                },
                "no_device": "",
                "virtual_name": ""
              },
              {
                "device_name": "/dev/sdb",
                "ebs": {},
                "no_device": "",
                "virtual_name": "ephemeral0"
              },
              {
                "device_name": "/dev/sdc",
                "ebs": {},
                "no_device": "",
                "virtual_name": "ephemeral1"
              }
            ],
            "boot_mode": "uefi-preferred",
            "creation_date": "2026-08-26T07:52:58.000Z",
            "deprecation_time": "2028-08-26T07:52:58.000Z",
            "description": "Canonical, Ubuntu, 22.04, amd64 jammy image",
            "ena_support": true,
            "executable_users": null,
            "filter": [
              {
                "name": "architecture",
                "values": [
                  "x86_64"
                ]
              },
              {
                "name": "name",
                "values": [
                  "ubuntu/images/hvm-ssd/ubuntu-jammy-22.04-amd64-server-*"
                ]
              },
              {
                "name": "virtualization-type",
                "values": [
                  "hvm"
                ]
              }
            ],
            "hypervisor": "xen",
            "id": "ami-040dc3b259ece28c6",
            "image_id": "ami-040dc3b259ece28c6",
            "image_location": "amazon/ubuntu/images/hvm-ssd/ubuntu-jammy-22.04-amd64-server-20260826",
            "image_owner_alias": "amazon",
            "image_type": "machine",
            "imds_support": "",
            "include_deprecated": false,
            "kernel_id": "",
            "last_launched_time": "",
            "most_recent": true,
            "name": "ubuntu/images/hvm-ssd/ubuntu-jammy-22.04-amd64-server-20260826",
            "name_regex": null,
            "owner_id": "099720109477",
            "owners": [
              "099720109477"
            ],
            "platform": "",
            "platform_details": "Linux/UNIX",
            "product_codes": [],
            "public": true,
            "ramdisk_id": "",
            "root_device_name": "/dev/sda1",
            "root_device_type": "ebs",
            "root_snapshot_id": "snap-0cca891854a3d1d9c",
            "sriov_net_support": "simple",
            "state": "available",
            "state_reason": {
              "code": "UNSET",
              "message": "UNSET"
            },
            "tags": {},
            "timeouts": null,
            "tpm_support": "",
            "uefi_data": null,
            "usage_operation": "RunInstances",
            "virtualization_type": "hvm"
          },
          "sensitive_attributes": []
        }
      ]
    },
    {
      "mode": "managed",
      "type": "aws_eip",
      "name": "main",
      "provider": "provider[\"registry.terraform.io/hashicorp/aws\"]",
      "instances": [
        {
          "schema_version": 0,
          "attributes": {
            "address": null,
            "allocation_id": "eipalloc-0849efe786caf37c7",
            "arn": "arn:aws:ec2:us-east-1:365803995554:elastic-ip/eipalloc-0849efe786caf37c7",
            "associate_with_private_ip": null,
            "association_id": "",
            "carrier_ip": "",
            "customer_owned_ip": "",
            "customer_owned_ipv4_pool": "",
            "domain": "vpc",
            "id": "eipalloc-0849efe786caf37c7",
            "instance": "",
            "ipam_pool_id": null,
            "network_border_group": "us-east-1",
            "network_interface": "",
            "private_dns": null,
            "private_ip": "",
            "ptr_record": "",
            "public_dns": "ec2-13-216-126-57.compute-1.amazonaws.com",
            "public_ip": "13.216.126.57",
            "public_ipv4_pool": "amazon",
            "tags": {
              "Name": "coterie-eip",
              "environment": "dev",
              "managed_by": "terraform",
              "project": "coterie-assessment"
            },
            "tags_all": {
              "Name": "coterie-eip",
              "environment": "dev",
              "managed_by": "terraform",
              "project": "coterie-assessment"
            },
            "timeouts": null,
            "vpc": true
          },
          "sensitive_attributes": [],
          "private": "eyJlMmJmYjczMC1lY2FhLTExZTYtOGY4OC0zNDM2M2JjN2M0YzAiOnsiZGVsZXRlIjoxODAwMDAwMDAwMDAsInJlYWQiOjkwMDAwMDAwMDAwMCwidXBkYXRlIjozMDAwMDAwMDAwMDB9fQ=="
        }
      ]
    },
    {
      "mode": "managed",
      "type": "aws_eip_association",
      "name": "main",
      "provider": "provider[\"registry.terraform.io/hashicorp/aws\"]",
      "instances": [
        {
          "schema_version": 0,
          "attributes": {
            "allocation_id": "eipalloc-0849efe786caf37c7",
            "allow_reassociation": null,
            "id": "eipassoc-0ca6408dbfea2010e",
            "instance_id": "i-0caa548e7436ce0ff",
            "network_interface_id": "eni-09f20e37c4fe492f6",
            "private_ip_address": "10.0.1.25",
            "public_ip": "13.216.126.57"
          },
          "sensitive_attributes": [],
          "private": "bnVsbA==",
          "dependencies": [
            "aws_eip.main",
            "aws_instance.main",
            "aws_key_pair.main",
            "aws_security_group.vm",
            "aws_subnet.public",
            "aws_vpc.main",
            "data.aws_ami.ubuntu"
          ]
        }
      ]
    },
    {
      "mode": "managed",
      "type": "aws_instance",
      "name": "main",
      "provider": "provider[\"registry.terraform.io/hashicorp/aws\"]",
      "instances": [
        {
          "schema_version": 1,
          "attributes": {
            "ami": "ami-040dc3b259ece28c6",
            "arn": "arn:aws:ec2:us-east-1:365803995554:instance/i-0caa548e7436ce0ff",
            "associate_public_ip_address": false,
            "availability_zone": "us-east-1f",
            "capacity_reservation_specification": [
              {
                "capacity_reservation_preference": "open",
                "capacity_reservation_target": []
              }
            ],
            "cpu_core_count": 1,
            "cpu_options": [
              {
                "amd_sev_snp": "",
                "core_count": 1,
                "threads_per_core": 2
              }
            ],
            "cpu_threads_per_core": 2,
            "credit_specification": [
              {
                "cpu_credits": "unlimited"
              }
            ],
            "disable_api_stop": false,
            "disable_api_termination": false,
            "ebs_block_device": [],
            "ebs_optimized": false,
            "enable_primary_ipv6": null,
            "enclave_options": [
              {
                "enabled": false
              }
            ],
            "ephemeral_block_device": [],
            "get_password_data": false,
            "hibernation": false,
            "host_id": "",
            "host_resource_group_arn": null,
            "iam_instance_profile": "",
            "id": "i-0caa548e7436ce0ff",
            "instance_initiated_shutdown_behavior": "stop",
            "instance_lifecycle": "",
            "instance_market_options": [],
            "instance_state": "running",
            "instance_type": "t3.medium",
            "ipv6_address_count": 0,
            "ipv6_addresses": [],
            "key_name": "coterie-key",
            "launch_template": [],
            "maintenance_options": [
              {
                "auto_recovery": "default"
              }
            ],
            "metadata_options": [
              {
                "http_endpoint": "enabled",
                "http_protocol_ipv6": "disabled",
                "http_put_response_hop_limit": 1,
                "http_tokens": "optional",
                "instance_metadata_tags": "disabled"
              }
            ],
            "monitoring": false,
            "network_interface": [],
            "outpost_arn": "",
            "password_data": "",
            "placement_group": "",
            "placement_partition_number": 0,
            "primary_network_interface_id": "eni-09f20e37c4fe492f6",
            "private_dns": "ip-10-0-1-25.ec2.internal",
            "private_dns_name_options": [
              {
                "enable_resource_name_dns_a_record": false,
                "enable_resource_name_dns_aaaa_record": false,
                "hostname_type": "ip-name"
              }
            ],
            "private_ip": "10.0.1.25",
            "public_dns": "",
            "public_ip": "",
            "root_block_device": [
              {
                "delete_on_termination": true,
                "device_name": "/dev/sda1",
                "encrypted": false,
                "iops": 3000,
                "kms_key_id": "",
                "tags": null,
                "tags_all": {},
                "throughput": 125,
                "volume_id": "vol-0e351b3afc9125096",
                "volume_size": 30,
                "volume_type": "gp3"
              }
            ],
            "secondary_private_ips": [],
            "security_groups": [],
            "source_dest_check": true,
            "spot_instance_request_id": "",
            "subnet_id": "subnet-085758d1d3cb58a1c",
            "tags": {
              "Name": "coterie-vm",
              "environment": "dev",
              "managed_by": "terraform",
              "project": "coterie-assessment"
            },
            "tags_all": {
              "Name": "coterie-vm",
              "environment": "dev",
              "managed_by": "terraform",
              "project": "coterie-assessment"
            },
            "tenancy": "default",
            "timeouts": null,
            "user_data": "60697c65bce52b4dc0a3902e502259196c4dc26c",
            "user_data_base64": null,
            "user_data_replace_on_change": false,
            "volume_tags": null,
            "vpc_security_group_ids": [
              "sg-0d32ebfb2bbc8b7ee"
            ]
          },
          "sensitive_attributes": [],
          "private": "eyJlMmJmYjczMC1lY2FhLTExZTYtOGY4OC0zNDM2M2JjN2M0YzAiOnsiY3JlYXRlIjo2MDAwMDAwMDAwMDAsImRlbGV0ZSI6MTIwMDAwMDAwMDAwMCwicmVhZCI6OTAwMDAwMDAwMDAwLCJ1cGRhdGUiOjYwMDAwMDAwMDAwMH0sInNjaGVtYV92ZXJzaW9uIjoiMSJ9",
          "dependencies": [
            "aws_key_pair.main",
            "aws_security_group.vm",
            "aws_subnet.public",
            "aws_vpc.main",
            "data.aws_ami.ubuntu"
          ]
        }
      ]
    },
    {
      "mode": "managed",
      "type": "aws_internet_gateway",
      "name": "main",
      "provider": "provider[\"registry.terraform.io/hashicorp/aws\"]",
      "instances": [
        {
          "schema_version": 0,
          "attributes": {
            "arn": "arn:aws:ec2:us-east-1:365803995554:internet-gateway/igw-0f71128b027e67d2a",
            "id": "igw-0f71128b027e67d2a",
            "owner_id": "365803995554",
            "tags": {
              "Name": "coterie-igw",
              "environment": "dev",
              "managed_by": "terraform",
              "project": "coterie-assessment"
            },
            "tags_all": {
              "Name": "coterie-igw",
              "environment": "dev",
              "managed_by": "terraform",
              "project": "coterie-assessment"
            },
            "timeouts": null,
            "vpc_id": "vpc-097839bf3a30b14b8"
          },
          "sensitive_attributes": [],
          "private": "eyJlMmJmYjczMC1lY2FhLTExZTYtOGY4OC0zNDM2M2JjN2M0YzAiOnsiY3JlYXRlIjoxMjAwMDAwMDAwMDAwLCJkZWxldGUiOjEyMDAwMDAwMDAwMDAsInVwZGF0ZSI6MTIwMDAwMDAwMDAwMH19",
          "dependencies": [
            "aws_vpc.main"
          ]
        }
      ]
    },
    {
      "mode": "managed",
      "type": "aws_key_pair",
      "name": "main",
      "provider": "provider[\"registry.terraform.io/hashicorp/aws\"]",
      "instances": [
        {
          "schema_version": 1,
          "attributes": {
            "arn": "arn:aws:ec2:us-east-1:365803995554:key-pair/coterie-key",
            "fingerprint": "76:b5:88:d5:6f:fc:f2:97:a1:50:d9:a2:4b:12:a0:a5",
            "id": "coterie-key",
            "key_name": "coterie-key",
            "key_name_prefix": "",
            "key_pair_id": "key-06afe728754ad6527",
            "key_type": "rsa",
            "public_key": "ssh-rsa AAAAB3NzaC1yc2EAAAADAQABAAACAQDDwbdYtQe0yvd5gI7+4SVi3wyPfAhqdpHMxP0V7TYDO3R1JRfg1AVJmOTZgZ+SBLXGBxdFGouppT7YfxPpc+anWciDqY6ZyRHD0gIOjNy9ZhmXpEDQVT9lveL3i2U1a6UvD4kOjR4LdYX9Za6eU/tqN6yJVleqKkRjhaYcAEwuqOK004FIgY81GvioNxSLrqfoo32Lrv5o+FU+WPS72L6LBPjsbq5lGmPHqdGY7cu9rkHhhy2KFDhV2LWMWnJb20kyYG0bcDaMrM0jwXWwbQcEDwYP0sNYW1fbTQGT9cKj4HRIX6j+WEWqjkt78QfinNJe5GbpwrYqCb76X5ghl7RcNx+nJIGYXd67iKWG/1JJwJjZnPmnw75wNS5lYiAHlZo/ITjggzqfS/p/nAWjDDU1ksm5cF0ekuU5gAR+OmTnzsq97Bm9adb5X0lf8FqP6Ls1x3oPEueRAPOFczecfz1xFN0amensSO6odjZB3EJhNhOWBsJG9/W0oQd8eeMvsMYQ0rfHYU3CwZ6ld7AbUFLKWnpjYXiXKXqYJN7L8CNM4EpQ/QHU5D+55xzu2vVTeTX+Z4GtgtsjptPDyXmXxMFz6RlE8REYL3xzFaWQIM3YO++VPun6Kt842+oSLIhQOsgtwbAcJN5LuoFbIK9idlORt+ua9v4HM9AyEM9l2WE0jQ== coterie-vm-azureuser",
            "tags": {
              "environment": "dev",
              "managed_by": "terraform",
              "project": "coterie-assessment"
            },
            "tags_all": {
              "environment": "dev",
              "managed_by": "terraform",
              "project": "coterie-assessment"
            }
          },
          "sensitive_attributes": [
            [
              {
                "type": "get_attr",
                "value": "public_key"
              }
            ]
          ],
          "private": "eyJzY2hlbWFfdmVyc2lvbiI6IjEifQ=="
        }
      ]
    },
    {
      "mode": "managed",
      "type": "aws_route_table",
      "name": "public",
      "provider": "provider[\"registry.terraform.io/hashicorp/aws\"]",
      "instances": [
        {
          "schema_version": 0,
          "attributes": {
            "arn": "arn:aws:ec2:us-east-1:365803995554:route-table/rtb-08cb754651249b50b",
            "id": "rtb-08cb754651249b50b",
            "owner_id": "365803995554",
            "propagating_vgws": [],
            "route": [
              {
                "carrier_gateway_id": "",
                "cidr_block": "0.0.0.0/0",
                "core_network_arn": "",
                "destination_prefix_list_id": "",
                "egress_only_gateway_id": "",
                "gateway_id": "igw-0f71128b027e67d2a",
                "ipv6_cidr_block": "",
                "local_gateway_id": "",
                "nat_gateway_id": "",
                "network_interface_id": "",
                "transit_gateway_id": "",
                "vpc_endpoint_id": "",
                "vpc_peering_connection_id": ""
              }
            ],
            "tags": {
              "Name": "coterie-public-rt",
              "environment": "dev",
              "managed_by": "terraform",
              "project": "coterie-assessment"
            },
            "tags_all": {
              "Name": "coterie-public-rt",
              "environment": "dev",
              "managed_by": "terraform",
              "project": "coterie-assessment"
            },
            "timeouts": null,
            "vpc_id": "vpc-097839bf3a30b14b8"
          },
          "sensitive_attributes": [],
          "private": "eyJlMmJmYjczMC1lY2FhLTExZTYtOGY4OC0zNDM2M2JjN2M0YzAiOnsiY3JlYXRlIjozMDAwMDAwMDAwMDAsImRlbGV0ZSI6MzAwMDAwMDAwMDAwLCJ1cGRhdGUiOjEyMDAwMDAwMDAwMH19",
          "dependencies": [
            "aws_internet_gateway.main",
            "aws_vpc.main"
          ]
        }
      ]
    },
    {
      "mode": "managed",
      "type": "aws_route_table_association",
      "name": "public",
      "provider": "provider[\"registry.terraform.io/hashicorp/aws\"]",
      "instances": [
        {
          "schema_version": 0,
          "attributes": {
            "gateway_id": "",
            "id": "rtbassoc-0af7f617a7159ee45",
            "route_table_id": "rtb-08cb754651249b50b",
            "subnet_id": "subnet-085758d1d3cb58a1c",
            "timeouts": null
          },
          "sensitive_attributes": [],
          "private": "eyJlMmJmYjczMC1lY2FhLTExZTYtOGY4OC0zNDM2M2JjN2M0YzAiOnsiY3JlYXRlIjozMDAwMDAwMDAwMDAsImRlbGV0ZSI6MzAwMDAwMDAwMDAwLCJ1cGRhdGUiOjEyMDAwMDAwMDAwMH19",
          "dependencies": [
            "aws_internet_gateway.main",
            "aws_route_table.public",
            "aws_subnet.public",
            "aws_vpc.main"
          ]
        }
      ]
    },
    {
      "mode": "managed",
      "type": "aws_security_group",
      "name": "vm",
      "provider": "provider[\"registry.terraform.io/hashicorp/aws\"]",
      "instances": [
        {
          "schema_version": 1,
          "attributes": {
            "arn": "arn:aws:ec2:us-east-1:365803995554:security-group/sg-0d32ebfb2bbc8b7ee",
            "description": "Allow SSH, HTTP/S, k3s API, Grafana, Prometheus, NodePort",
            "egress": [
              {
                "cidr_blocks": [
                  "0.0.0.0/0"
                ],
                "description": "",
                "from_port": 0,
                "ipv6_cidr_blocks": [],
                "prefix_list_ids": [],
                "protocol": "-1",
                "security_groups": [],
                "self": false,
                "to_port": 0
              }
            ],
            "id": "sg-0d32ebfb2bbc8b7ee",
            "ingress": [
              {
                "cidr_blocks": [
                  "0.0.0.0/0"
                ],
                "description": "Grafana",
                "from_port": 3000,
                "ipv6_cidr_blocks": [],
                "prefix_list_ids": [],
                "protocol": "tcp",
                "security_groups": [],
                "self": false,
                "to_port": 3000
              },
              {
                "cidr_blocks": [
                  "0.0.0.0/0"
                ],
                "description": "HTTP",
                "from_port": 80,
                "ipv6_cidr_blocks": [],
                "prefix_list_ids": [],
                "protocol": "tcp",
                "security_groups": [],
                "self": false,
                "to_port": 80
              },
              {
                "cidr_blocks": [
                  "0.0.0.0/0"
                ],
                "description": "HTTPS",
                "from_port": 443,
                "ipv6_cidr_blocks": [],
                "prefix_list_ids": [],
                "protocol": "tcp",
                "security_groups": [],
                "self": false,
                "to_port": 443
              },
              {
                "cidr_blocks": [
                  "0.0.0.0/0"
                ],
                "description": "NodePort",
                "from_port": 30000,
                "ipv6_cidr_blocks": [],
                "prefix_list_ids": [],
                "protocol": "tcp",
                "security_groups": [],
                "self": false,
                "to_port": 32767
              },
              {
                "cidr_blocks": [
                  "0.0.0.0/0"
                ],
                "description": "Prometheus",
                "from_port": 9090,
                "ipv6_cidr_blocks": [],
                "prefix_list_ids": [],
                "protocol": "tcp",
                "security_groups": [],
                "self": false,
                "to_port": 9090
              },
              {
                "cidr_blocks": [
                  "0.0.0.0/0"
                ],
                "description": "SSH",
                "from_port": 22,
                "ipv6_cidr_blocks": [],
                "prefix_list_ids": [],
                "protocol": "tcp",
                "security_groups": [],
                "self": false,
                "to_port": 22
              },
              {
                "cidr_blocks": [
                  "0.0.0.0/0"
                ],
                "description": "k3s API",
                "from_port": 6443,
                "ipv6_cidr_blocks": [],
                "prefix_list_ids": [],
                "protocol": "tcp",
                "security_groups": [],
                "self": false,
                "to_port": 6443
              }
            ],
            "name": "coterie-vm-sg",
            "name_prefix": "",
            "owner_id": "365803995554",
            "revoke_rules_on_delete": false,
            "tags": {
              "Name": "coterie-vm-sg",
              "environment": "dev",
              "managed_by": "terraform",
              "project": "coterie-assessment"
            },
            "tags_all": {
              "Name": "coterie-vm-sg",
              "environment": "dev",
              "managed_by": "terraform",
              "project": "coterie-assessment"
            },
            "timeouts": null,
            "vpc_id": "vpc-097839bf3a30b14b8"
          },
          "sensitive_attributes": [],
          "private": "eyJlMmJmYjczMC1lY2FhLTExZTYtOGY4OC0zNDM2M2JjN2M0YzAiOnsiY3JlYXRlIjo2MDAwMDAwMDAwMDAsImRlbGV0ZSI6OTAwMDAwMDAwMDAwfSwic2NoZW1hX3ZlcnNpb24iOiIxIn0=",
          "dependencies": [
            "aws_vpc.main"
          ]
        }
      ]
    },
    {
      "mode": "managed",
      "type": "aws_subnet",
      "name": "public",
      "provider": "provider[\"registry.terraform.io/hashicorp/aws\"]",
      "instances": [
        {
          "schema_version": 1,
          "attributes": {
            "arn": "arn:aws:ec2:us-east-1:365803995554:subnet/subnet-085758d1d3cb58a1c",
            "assign_ipv6_address_on_creation": false,
            "availability_zone": "us-east-1f",
            "availability_zone_id": "use1-az5",
            "cidr_block": "10.0.1.0/24",
            "customer_owned_ipv4_pool": "",
            "enable_dns64": false,
            "enable_lni_at_device_index": 0,
            "enable_resource_name_dns_a_record_on_launch": false,
            "enable_resource_name_dns_aaaa_record_on_launch": false,
            "id": "subnet-085758d1d3cb58a1c",
            "ipv6_cidr_block": "",
            "ipv6_cidr_block_association_id": "",
            "ipv6_native": false,
            "map_customer_owned_ip_on_launch": false,
            "map_public_ip_on_launch": false,
            "outpost_arn": "",
            "owner_id": "365803995554",
            "private_dns_hostname_type_on_launch": "ip-name",
            "tags": {
              "Name": "coterie-public-subnet",
              "environment": "dev",
              "managed_by": "terraform",
              "project": "coterie-assessment"
            },
            "tags_all": {
              "Name": "coterie-public-subnet",
              "environment": "dev",
              "managed_by": "terraform",
              "project": "coterie-assessment"
            },
            "timeouts": null,
            "vpc_id": "vpc-097839bf3a30b14b8"
          },
          "sensitive_attributes": [],
          "private": "eyJlMmJmYjczMC1lY2FhLTExZTYtOGY4OC0zNDM2M2JjN2M0YzAiOnsiY3JlYXRlIjo2MDAwMDAwMDAwMDAsImRlbGV0ZSI6MTIwMDAwMDAwMDAwMH0sInNjaGVtYV92ZXJzaW9uIjoiMSJ9",
          "dependencies": [
            "aws_vpc.main"
          ]
        }
      ]
    },
    {
      "mode": "managed",
      "type": "aws_vpc",
      "name": "main",
      "provider": "provider[\"registry.terraform.io/hashicorp/aws\"]",
      "instances": [
        {
          "schema_version": 1,
          "attributes": {
            "arn": "arn:aws:ec2:us-east-1:365803995554:vpc/vpc-097839bf3a30b14b8",
            "assign_generated_ipv6_cidr_block": false,
            "cidr_block": "10.0.0.0/16",
            "default_network_acl_id": "acl-0be45831d28f5fd75",
            "default_route_table_id": "rtb-0a7852f8a9af4c99d",
            "default_security_group_id": "sg-09c424a9ee132f85c",
            "dhcp_options_id": "dopt-d9fcdaa3",
            "enable_dns_hostnames": true,
            "enable_dns_support": true,
            "enable_network_address_usage_metrics": false,
            "id": "vpc-097839bf3a30b14b8",
            "instance_tenancy": "default",
            "ipv4_ipam_pool_id": null,
            "ipv4_netmask_length": null,
            "ipv6_association_id": "",
            "ipv6_cidr_block": "",
            "ipv6_cidr_block_network_border_group": "",
            "ipv6_ipam_pool_id": "",
            "ipv6_netmask_length": 0,
            "main_route_table_id": "rtb-0a7852f8a9af4c99d",
            "owner_id": "365803995554",
            "tags": {
              "Name": "coterie-vpc",
              "environment": "dev",
              "managed_by": "terraform",
              "project": "coterie-assessment"
            },
            "tags_all": {
              "Name": "coterie-vpc",
              "environment": "dev",
              "managed_by": "terraform",
              "project": "coterie-assessment"
            }
          },
          "sensitive_attributes": [],
          "private": "eyJzY2hlbWFfdmVyc2lvbiI6IjEifQ=="
        }
      ]
    }
  ],
  "check_results": null
}
